
Microsoft Visual Studio Solution File, Format Version 12.00
# Visual Studio Version 17
VisualStudioVersion = 17.1.32210.238
MinimumVisualStudioVersion = 10.0.40219.1
Project("{9A19103F-16F7-4668-BE54-9A1E7A4F7556}") = "EntityFrameworkCoreWeb", "EntityFrameworkCoreWeb\EntityFrameworkCoreWeb.csproj", "{AFD4FEDE-65EB-4A88-8B39-80B3DEB7BC6F}"
EndProject
Project("{FAE04EC0-301F-11D3-BF4B-00C04F79EFBC}") = "EFDataAccessLibrary", "EFDataAccessLibrary\EFDataAccessLibrary.csproj", "{9194F510-D77D-49DC-9F04-1ED9505B806B}"
EndProject
Global
	GlobalSection(SolutionConfigurationPlatforms) = preSolution
		Debug|Any CPU = Debug|Any CPU
		Release|Any CPU = Release|Any CPU
	EndGlobalSection
	GlobalSection(ProjectConfigurationPlatforms) = postSolution
		{AFD4FEDE-65EB-4A88-8B39-80B3DEB7BC6F}.Debug|Any CPU.ActiveCfg = Debug|Any CPU
		{AFD4FEDE-65EB-4A88-8B39-80B3DEB7BC6F}.Debug|Any CPU.Build.0 = Debug|Any CPU
		{AFD4FEDE-65EB-4A88-8B39-80B3DEB7BC6F}.Release|Any CPU.ActiveCfg = Release|Any CPU
		{AFD4FEDE-65EB-4A88-8B39-80B3DEB7BC6F}.Release|Any CPU.Build.0 = Release|Any CPU
		{9194F510-D77D-49DC-9F04-1ED9505B806B}.Debug|Any CPU.ActiveCfg = Debug|Any CPU
		{9194F510-D77D-49DC-9F04-1ED9505B806B}.Debug|Any CPU.Build.0 = Debug|Any CPU
		{9194F510-D77D-49DC-9F04-1ED9505B806B}.Release|Any CPU.ActiveCfg = Release|Any CPU
		{9194F510-D77D-49DC-9F04-1ED9505B806B}.Release|Any CPU.Build.0 = Release|Any CPU
	EndGlobalSection
	GlobalSection(SolutionProperties) = preSolution
		HideSolutionNode = FALSE
	EndGlobalSection
	GlobalSection(ExtensibilityGlobals) = postSolution
		SolutionGuid = {CE6C929E-384C-403F-B225-39F96E5039FA}
	EndGlobalSection
EndGlobal
